// !$*UTF8*$!
{
	archiveVersion = 1;
	classes = {
	};
	objectVersion = 46;
	objects = {

/* Begin PBXBuildFile section */
		A40C73921EFC547E00191592 /* AppDelegate.swift in Sources */ = {isa = PBXBuildFile; fileRef = A40C73911EFC547E00191592 /* AppDelegate.swift */; };
		A40C73941EFC547E00191592 /* ViewController.swift in Sources */ = {isa = PBXBuildFile; fileRef = A40C73931EFC547E00191592 /* ViewController.swift */; };
		A40C73971EFC547E00191592 /* Main.storyboard in Resources */ = {isa = PBXBuildFile; fileRef = A40C73951EFC547E00191592 /* Main.storyboard */; };
		A40C73991EFC547E00191592 /* Assets.xcassets in Resources */ = {isa = PBXBuildFile; fileRef = A40C73981EFC547E00191592 /* Assets.xcassets */; };
		A40C739C1EFC547E00191592 /* LaunchScreen.storyboard in Resources */ = {isa = PBXBuildFile; fileRef = A40C739A1EFC547E00191592 /* LaunchScreen.storyboard */; };
		A40C73A71EFC547E00191592 /* Courseapp2Tests.swift in Sources */ = {isa = PBXBuildFile; fileRef = A40C73A61EFC547E00191592 /* Courseapp2Tests.swift */; };
/* End PBXBuildFile section */

/* Begin PBXContainerItemProxy section */
		A40C73A31EFC547E00191592 /* PBXContainerItemProxy */ = {
			isa = PBXContainerItemProxy;
			containerPortal = A40C73861EFC547E00191592 /* Project object */;
			proxyType = 1;
			remoteGlobalIDString = A40C738D1EFC547E00191592;
			remoteInfo = Courseapp2;
		};
/* End PBXContainerItemProxy section */

/* Begin PBXFileReference section */
		A40C738E1EFC547E00191592 /* Courseapp2.app */ = {isa = PBXFileReference; explicitFileType = wrapper.application; includeInIndex = 0; path = Courseapp2.app; sourceTree = BUILT_PRODUCTS_DIR; };
		A40C73911EFC547E00191592 /* AppDelegate.swift */ = {isa = PBXFileReference; lastKnownFileType = sourcecode.swift; path = AppDelegate.swift; sourceTree = "<group>"; };
		A40C73931EFC547E00191592 /* ViewController.swift */ = {isa = PBXFileReference; lastKnownFileType = sourcecode.swift; path = ViewController.swift; sourceTree = "<group>"; };
		A40C73961EFC547E00191592 /* Base */ = {isa = PBXFileReference; lastKnownFileType = file.storyboard; name = Base; path = Base.lproj/Main.storyboard; sourceTree = "<group>"; };
		A40C73981EFC547E00191592 /* Assets.xcassets */ = {isa = PBXFileReference; lastKnownFileType = folder.assetcatalog; path = Assets.xcassets; sourceTree = "<group>"; };
		A40C739B1EFC547E00191592 /* Base */ = {isa = PBXFileReference; lastKnownFileType = file.storyboard; name = Base; path = Base.lproj/LaunchScreen.storyboard; sourceTree = "<group>"; };
		A40C739D1EFC547E00191592 /* Info.plist */ = {isa = PBXFileReference; lastKnownFileType = text.plist.xml; path = Info.plist; sourceTree = "<group>"; };
		A40C73A21EFC547E00191592 /* Courseapp2Tests.xctest */ = {isa = PBXFileReference; explicitFileType = wrapper.cfbundle; includeInIndex = 0; path = Courseapp2Tests.xctest; sourceTree = BUILT_PRODUCTS_DIR; };
		A40C73A61EFC547E00191592 /* Courseapp2Tests.swift */ = {isa = PBXFileReference; lastKnownFileType = sourcecode.swift; path = Courseapp2Tests.swift; sourceTree = "<group>"; };
		A40C73A81EFC547E00191592 /* Info.plist */ = {isa = PBXFileReference; lastKnownFileType = text.plist.xml; path = Info.plist; sourceTree = "<group>"; };
/* End PBXFileReference section */

/* Begin PBXFrameworksBuildPhase section */
		A40C738B1EFC547E00191592 /* Frameworks */ = {
			isa = PBXFrameworksBuildPhase;
			buildActionMask = 2147483647;
			files = (
			);
			runOnlyForDeploymentPostprocessing = 0;
		};
		A40C739F1EFC547E00191592 /* Frameworks */ = {
			isa = PBXFrameworksBuildPhase;
			buildActionMask = 2147483647;
			files = (
			);
			runOnlyForDeploymentPostprocessing = 0;
		};
/* End PBXFrameworksBuildPhase section */

/* Begin PBXGroup section */
		A40C73851EFC547E00191592 = {
			isa = PBXGroup;
			children = (
				A40C73901EFC547E00191592 /* Courseapp2 */,
				A40C73A51EFC547E00191592 /* Courseapp2Tests */,
				A40C738F1EFC547E00191592 /* Products */,
			);
			sourceTree = "<group>";
		};
		A40C738F1EFC547E00191592 /* Products */ = {
			isa = PBXGroup;
			children = (
				A40C738E1EFC547E00191592 /* Courseapp2.app */,
				A40C73A21EFC547E00191592 /* Courseapp2Tests.xctest */,
			);
			name = Products;
			sourceTree = "<group>";
		};
		A40C73901EFC547E00191592 /* Courseapp2 */ = {
			isa = PBXGroup;
			children = (
				A40C73911EFC547E00191592 /* AppDelegate.swift */,
				A40C73931EFC547E00191592 /* ViewController.swift */,
				A40C73951EFC547E00191592 /* Main.storyboard */,
				A40C73981EFC547E00191592 /* Assets.xcassets */,
				A40C739A1EFC547E00191592 /* LaunchScreen.storyboard */,
				A40C739D1EFC547E00191592 /* Info.plist */,
			);
			path = Courseapp2;
			sourceTree = "<group>";
		};
		A40C73A51EFC547E00191592 /* Courseapp2Tests */ = {
			isa = PBXGroup;
			children = (
				A40C73A61EFC547E00191592 /* Courseapp2Tests.swift */,
				A40C73A81EFC547E00191592 /* Info.plist */,
			);
			path = Courseapp2Tests;
			sourceTree = "<group>";
		};
/* End PBXGroup section */

/* Begin PBXNativeTarget section */
		A40C738D1EFC547E00191592 /* Courseapp2 */ = {
			isa = PBXNativeTarget;
			buildConfigurationList = A40C73AB1EFC547F00191592 /* Build configuration list for PBXNativeTarget "Courseapp2" */;
			buildPhases = (
				A40C738A1EFC547E00191592 /* Sources */,
				A40C738B1EFC547E00191592 /* Frameworks */,
				A40C738C1EFC547E00191592 /* Resources */,
			);
			buildRules = (
			);
			dependencies = (
			);
			name = Courseapp2;
			productName = Courseapp2;
			productReference = A40C738E1EFC547E00191592 /* Courseapp2.app */;
			productType = "com.apple.product-type.application";
		};
		A40C73A11EFC547E00191592 /* Courseapp2Tests */ = {
			isa = PBXNativeTarget;
			buildConfigurationList = A40C73AE1EFC547F00191592 /* Build configuration list for PBXNativeTarget "Courseapp2Tests" */;
			buildPhases = (
				A40C739E1EFC547E00191592 /* Sources */,
				A40C739F1EFC547E00191592 /* Frameworks */,
				A40C73A01EFC547E00191592 /* Resources */,
			);
			buildRules = (
			);
			dependencies = (
				A40C73A41EFC547E00191592 /* PBXTargetDependency */,
			);
			name = Courseapp2Tests;
			productName = Courseapp2Tests;
			productReference = A40C73A21EFC547E00191592 /* Courseapp2Tests.xctest */;
			productType = "com.apple.product-type.bundle.unit-test";
		};
/* End PBXNativeTarget section */

/* Begin PBXProject section */
		A40C73861EFC547E00191592 /* Project object */ = {
			isa = PBXProject;
			attributes = {
				LastSwiftUpdateCheck = 0830;
				LastUpgradeCheck = 0830;
				ORGANIZATIONNAME = "Roel Driever";
				TargetAttributes = {
					A40C738D1EFC547E00191592 = {
						CreatedOnToolsVersion = 8.3.3;
						DevelopmentTeam = 9TD5QL58X2;
						ProvisioningStyle = Automatic;
					};
					A40C73A11EFC547E00191592 = {
						CreatedOnToolsVersion = 8.3.3;
						DevelopmentTeam = 9TD5QL58X2;
						ProvisioningStyle = Automatic;
						TestTargetID = A40C738D1EFC547E00191592;
					};
				};
			};
			buildConfigurationList = A40C73891EFC547E00191592 /* Build configuration list for PBXProject "Courseapp2" */;
			compatibilityVersion = "Xcode 3.2";
			developmentRegion = English;
			hasScannedForEncodings = 0;
			knownRegions = (
				en,
				Base,
			);
			mainGroup = A40C73851EFC547E00191592;
			productRefGroup = A40C738F1EFC547E00191592 /* Products */;
			projectDirPath = "";
			projectRoot = "";
			targets = (
				A40C738D1EFC547E00191592 /* Courseapp2 */,
				A40C73A11EFC547E00191592 /* Courseapp2Tests */,
			);
		};
/* End PBXProject section */

/* Begin PBXResourcesBuildPhase section */
		A40C738C1EFC547E00191592 /* Resources */ = {
			isa = PBXResourcesBuildPhase;
			buildActionMask = 2147483647;
			files = (
				A40C739C1EFC547E00191592 /* LaunchScreen.storyboard in Resources */,
				A40C73991EFC547E00191592 /* Assets.xcassets in Resources */,
				A40C73971EFC547E00191592 /* Main.storyboard in Resources */,
			);
			runOnlyForDeploymentPostprocessing = 0;
		};
		A40C73A01EFC547E00191592 /* Resources */ = {
			isa = PBXResourcesBuildPhase;
			buildActionMask = 2147483647;
			files = (
			);
			runOnlyForDeploymentPostprocessing = 0;
		};
/* End PBXResourcesBuildPhase section */

/* Begin PBXSourcesBuildPhase section */
		A40C738A1EFC547E00191592 /* Sources */ = {
			isa = PBXSourcesBuildPhase;
			buildActionMask = 2147483647;
			files = (
				A40C73941EFC547E00191592 /* ViewController.swift in Sources */,
				A40C73921EFC547E00191592 /* AppDelegate.swift in Sources */,
			);
			runOnlyForDeploymentPostprocessing = 0;
		};
		A40C739E1EFC547E00191592 /* Sources */ = {
			isa = PBXSourcesBuildPhase;
			buildActionMask = 2147483647;
			files = (
				A40C73A71EFC547E00191592 /* Courseapp2Tests.swift in Sources */,
			);
			runOnlyForDeploymentPostprocessing = 0;
		};
/* End PBXSourcesBuildPhase section */

/* Begin PBXTargetDependency section */
		A40C73A41EFC547E00191592 /* PBXTargetDependency */ = {
			isa = PBXTargetDependency;
			target = A40C738D1EFC547E00191592 /* Courseapp2 */;
			targetProxy = A40C73A31EFC547E00191592 /* PBXContainerItemProxy */;
		};
/* End PBXTargetDependency section */

/* Begin PBXVariantGroup section */
		A40C73951EFC547E00191592 /* Main.storyboard */ = {
			isa = PBXVariantGroup;
			children = (
				A40C73961EFC547E00191592 /* Base */,
			);
			name = Main.storyboard;
			sourceTree = "<group>";
		};
		A40C739A1EFC547E00191592 /* LaunchScreen.storyboard */ = {
			isa = PBXVariantGroup;
			children = (
				A40C739B1EFC547E00191592 /* Base */,
			);
			name = LaunchScreen.storyboard;
			sourceTree = "<group>";
		};
/* End PBXVariantGroup section */

/* Begin XCBuildConfiguration section */
		A40C73A91EFC547F00191592 /* Debug */ = {
			isa = XCBuildConfiguration;
			buildSettings = {
				ALWAYS_SEARCH_USER_PATHS = NO;
				CLANG_ANALYZER_NONNULL = YES;
				CLANG_ANALYZER_NUMBER_OBJECT_CONVERSION = YES_AGGRESSIVE;
				CLANG_CXX_LANGUAGE_STANDARD = "gnu++0x";
				CLANG_CXX_LIBRARY = "libc++";
				CLANG_ENABLE_MODULES = YES;
				CLANG_ENABLE_OBJC_ARC = YES;
				CLANG_WARN_BOOL_CONVERSION = YES;
				CLANG_WARN_CONSTANT_CONVERSION = YES;
				CLANG_WARN_DIRECT_OBJC_ISA_USAGE = YES_ERROR;
				CLANG_WARN_DOCUMENTATION_COMMENTS = YES;
				CLANG_WARN_EMPTY_BODY = YES;
				CLANG_WARN_ENUM_CONVERSION = YES;
				CLANG_WARN_INFINITE_RECURSION = YES;
				CLANG_WARN_INT_CONVERSION = YES;
				CLANG_WARN_OBJC_ROOT_CLASS = YES_ERROR;
				CLANG_WARN_SUSPICIOUS_MOVE = YES;
				CLANG_WARN_UNREACHABLE_CODE = YES;
				CLANG_WARN__DUPLICATE_METHOD_MATCH = YES;
				"CODE_SIGN_IDENTITY[sdk=iphoneos*]" = "iPhone Developer";
				COPY_PHASE_STRIP = NO;
				DEBUG_INFORMATION_FORMAT = dwarf;
				ENABLE_STRICT_OBJC_MSGSEND = YES;
				ENABLE_TESTABILITY = YES;
				GCC_C_LANGUAGE_STANDARD = gnu99;
				GCC_DYNAMIC_NO_PIC = NO;
				GCC_NO_COMMON_BLOCKS = YES;
				GCC_OPTIMIZATION_LEVEL = 0;
				GCC_PREPROCESSOR_DEFINITIONS = (
					"DEBUG=1",
					"$(inherited)",
				);
				GCC_WARN_64_TO_32_BIT_CONVERSION = YES;
				GCC_WARN_ABOUT_RETURN_TYPE = YES_ERROR;
				GCC_WARN_UNDECLARED_SELECTOR = YES;
				GCC_WARN_UNINITIALIZED_AUTOS = YES_AGGRESSIVE;
				GCC_WARN_UNUSED_FUNCTION = YES;
				GCC_WARN_UNUSED_VARIABLE = YES;
				IPHONEOS_DEPLOYMENT_TARGET = 10.3;
				MTL_ENABLE_DEBUG_INFO = YES;
				ONLY_ACTIVE_ARCH = YES;
				SDKROOT = iphoneos;
				SWIFT_ACTIVE_COMPILATION_CONDITIONS = DEBUG;
				SWIFT_OPTIMIZATION_LEVEL = "-Onone";
			};
			name = Debug;
		};
		A40C73AA1EFC547F00191592 /* Release */ = {
			isa = XCBuildConfiguration;
			buildSettings = {
				ALWAYS_SEARCH_USER_PATHS = NO;
				CLANG_ANALYZER_NONNULL = YES;
				CLANG_ANALYZER_NUMBER_OBJECT_CONVERSION = YES_AGGRESSIVE;
				CLANG_CXX_LANGUAGE_STANDARD = "gnu++0x";
				CLANG_CXX_LIBRARY = "libc++";
				CLANG_ENABLE_MODULES = YES;
				CLANG_ENABLE_OBJC_ARC = YES;
				CLANG_WARN_BOOL_CONVERSION = YES;
				CLANG_WARN_CONSTANT_CONVERSION = YES;
				CLANG_WARN_DIRECT_OBJC_ISA_USAGE = YES_ERROR;
				CLANG_WARN_DOCUMENTATION_COMMENTS = YES;
				CLANG_WARN_EMPTY_BODY = YES;
				CLANG_WARN_ENUM_CONVERSION = YES;
				CLANG_WARN_INFINITE_RECURSION = YES;
				CLANG_WARN_INT_CONVERSION = YES;
				CLANG_WARN_OBJC_ROOT_CLASS = YES_ERROR;
				CLANG_WARN_SUSPICIOUS_MOVE = YES;
				CLANG_WARN_UNREACHABLE_CODE = YES;
				CLANG_WARN__DUPLICATE_METHOD_MATCH = YES;
				"CODE_SIGN_IDENTITY[sdk=iphoneos*]" = "iPhone Developer";
				COPY_PHASE_STRIP = NO;
				DEBUG_INFORMATION_FORMAT = "dwarf-with-dsym";
				ENABLE_NS_ASSERTIONS = NO;
				ENABLE_STRICT_OBJC_MSGSEND = YES;
				GCC_C_LANGUAGE_STANDARD = gnu99;
				GCC_NO_COMMON_BLOCKS = YES;
				GCC_WARN_64_TO_32_BIT_CONVERSION = YES;
				GCC_WARN_ABOUT_RETURN_TYPE = YES_ERROR;
				GCC_WARN_UNDECLARED_SELECTOR = YES;
				GCC_WARN_UNINITIALIZED_AUTOS = YES_AGGRESSIVE;
				GCC_WARN_UNUSED_FUNCTION = YES;
				GCC_WARN_UNUSED_VARIABLE = YES;
				IPHONEOS_DEPLOYMENT_TARGET = 10.3;
				MTL_ENABLE_DEBUG_INFO = NO;
				SDKROOT = iphoneos;
				SWIFT_OPTIMIZATION_LEVEL = "-Owholemodule";
				VALIDATE_PRODUCT = YES;
			};
			name = Release;
		};
		A40C73AC1EFC547F00191592 /* Debug */ = {
			isa = XCBuildConfiguration;
			buildSettings = {
				ASSETCATALOG_COMPILER_APPICON_NAME = AppIcon;
				DEVELOPMENT_TEAM = 9TD5QL58X2;
				INFOPLIST_FILE = Courseapp2/Info.plist;
				LD_RUNPATH_SEARCH_PATHS = "$(inherited) @executable_path/Frameworks";
				PRODUCT_BUNDLE_IDENTIFIER = "com.example.-courseapp.Courseapp2";
				PRODUCT_NAME = "$(TARGET_NAME)";
				SWIFT_VERSION = 3.0;
			};
			name = Debug;
		};
		A40C73AD1EFC547F00191592 /* Release */ = {
			isa = XCBuildConfiguration;
			buildSettings = {
				ASSETCATALOG_COMPILER_APPICON_NAME = AppIcon;
				DEVELOPMENT_TEAM = 9TD5QL58X2;
				INFOPLIST_FILE = Courseapp2/Info.plist;
				LD_RUNPATH_SEARCH_PATHS = "$(inherited) @executable_path/Frameworks";
				PRODUCT_BUNDLE_IDENTIFIER = "com.example.-courseapp.Courseapp2";
				PRODUCT_NAME = "$(TARGET_NAME)";
				SWIFT_VERSION = 3.0;
			};
			name = Release;
		};
		A40C73AF1EFC547F00191592 /* Debug */ = {
			isa = XCBuildConfiguration;
			buildSettings = {
				ALWAYS_EMBED_SWIFT_STANDARD_LIBRARIES = YES;
				BUNDLE_LOADER = "$(TEST_HOST)";
				DEVELOPMENT_TEAM = 9TD5QL58X2;
				INFOPLIST_FILE = Courseapp2Tests/Info.plist;
				LD_RUNPATH_SEARCH_PATHS = "$(inherited) @executable_path/Frameworks @loader_path/Frameworks";
				PRODUCT_BUNDLE_IDENTIFIER = "com.example.-courseapp.Courseapp2Tests";
				PRODUCT_NAME = "$(TARGET_NAME)";
				SWIFT_VERSION = 3.0;
				TEST_HOST = "$(BUILT_PRODUCTS_DIR)/Courseapp2.app/Courseapp2";
			};
			name = Debug;
		};
		A40C73B01EFC547F00191592 /* Release */ = {
			isa = XCBuildConfiguration;
			buildSettings = {
				ALWAYS_EMBED_SWIFT_STANDARD_LIBRARIES = YES;
				BUNDLE_LOADER = "$(TEST_HOST)";
				DEVELOPMENT_TEAM = 9TD5QL58X2;
				INFOPLIST_FILE = Courseapp2Tests/Info.plist;
				LD_RUNPATH_SEARCH_PATHS = "$(inherited) @executable_path/Frameworks @loader_path/Frameworks";
				PRODUCT_BUNDLE_IDENTIFIER = "com.example.-courseapp.Courseapp2Tests";
				PRODUCT_NAME = "$(TARGET_NAME)";
				SWIFT_VERSION = 3.0;
				TEST_HOST = "$(BUILT_PRODUCTS_DIR)/Courseapp2.app/Courseapp2";
			};
			name = Release;
		};
/* End XCBuildConfiguration section */

/* Begin XCConfigurationList section */
		A40C73891EFC547E00191592 /* Build configuration list for PBXProject "Courseapp2" */ = {
			isa = XCConfigurationList;
			buildConfigurations = (
				A40C73A91EFC547F00191592 /* Debug */,
				A40C73AA1EFC547F00191592 /* Release */,
			);
			defaultConfigurationIsVisible = 0;
			defaultConfigurationName = Release;
		};
		A40C73AB1EFC547F00191592 /* Build configuration list for PBXNativeTarget "Courseapp2" */ = {
			isa = XCConfigurationList;
			buildConfigurations = (
				A40C73AC1EFC547F00191592 /* Debug */,
				A40C73AD1EFC547F00191592 /* Release */,
			);
			defaultConfigurationIsVisible = 0;
		};
		A40C73AE1EFC547F00191592 /* Build configuration list for PBXNativeTarget "Courseapp2Tests" */ = {
			isa = XCConfigurationList;
			buildConfigurations = (
				A40C73AF1EFC547F00191592 /* Debug */,
				A40C73B01EFC547F00191592 /* Release */,
			);
			defaultConfigurationIsVisible = 0;
		};
/* End XCConfigurationList section */
	};
	rootObject = A40C73861EFC547E00191592 /* Project object */;
}
